
Microsoft Visual Studio Solution File, Format Version 12.00
# Visual Studio Version 16
VisualStudioVersion = 16.6.30114.105
MinimumVisualStudioVersion = 10.0.40219.1
Project("{2150E333-8FDC-42A3-9474-1A3956D46DE8}") = "src", "src", "{8A310A03-9A69-4F65-B1CB-55F29757892F}"
EndProject
Project("{FAE04EC0-301F-11D3-BF4B-00C04F79EFBC}") = "SchEstimationTestingProject.Core", "src\Core\SchEstimationTestingProject.Core.csproj", "{272059D8-7209-4C85-A28F-309111B626D8}"
EndProject
Project("{FAE04EC0-301F-11D3-BF4B-00C04F79EFBC}") = "SchEstimationTestingProject.Infrastructure", "src\Infrastructure\SchEstimationTestingProject.Infrastructure.csproj", "{3AC834D3-F934-430C-9857-253E2E7E4954}"
EndProject
Global
	GlobalSection(SolutionProperties) = preSolution
		HideSolutionNode = FALSE
	EndGlobalSection
	GlobalSection(SolutionConfigurationPlatforms) = preSolution
		Debug|Any CPU = Debug|Any CPU
		Debug|x64 = Debug|x64
		Debug|x86 = Debug|x86
		Release|Any CPU = Release|Any CPU
		Release|x64 = Release|x64
		Release|x86 = Release|x86
	EndGlobalSection
	GlobalSection(ProjectConfigurationPlatforms) = postSolution
		{272059D8-7209-4C85-A28F-309111B626D8}.Debug|Any CPU.ActiveCfg = Debug|Any CPU
		{272059D8-7209-4C85-A28F-309111B626D8}.Debug|Any CPU.Build.0 = Debug|Any CPU
		{272059D8-7209-4C85-A28F-309111B626D8}.Debug|x64.ActiveCfg = Debug|Any CPU
		{272059D8-7209-4C85-A28F-309111B626D8}.Debug|x64.Build.0 = Debug|Any CPU
		{272059D8-7209-4C85-A28F-309111B626D8}.Debug|x86.ActiveCfg = Debug|Any CPU
		{272059D8-7209-4C85-A28F-309111B626D8}.Debug|x86.Build.0 = Debug|Any CPU
		{272059D8-7209-4C85-A28F-309111B626D8}.Release|Any CPU.ActiveCfg = Release|Any CPU
		{272059D8-7209-4C85-A28F-309111B626D8}.Release|Any CPU.Build.0 = Release|Any CPU
		{272059D8-7209-4C85-A28F-309111B626D8}.Release|x64.ActiveCfg = Release|Any CPU
		{272059D8-7209-4C85-A28F-309111B626D8}.Release|x64.Build.0 = Release|Any CPU
		{272059D8-7209-4C85-A28F-309111B626D8}.Release|x86.ActiveCfg = Release|Any CPU
		{272059D8-7209-4C85-A28F-309111B626D8}.Release|x86.Build.0 = Release|Any CPU
		{3AC834D3-F934-430C-9857-253E2E7E4954}.Debug|Any CPU.ActiveCfg = Debug|Any CPU
		{3AC834D3-F934-430C-9857-253E2E7E4954}.Debug|Any CPU.Build.0 = Debug|Any CPU
		{3AC834D3-F934-430C-9857-253E2E7E4954}.Debug|x64.ActiveCfg = Debug|Any CPU
		{3AC834D3-F934-430C-9857-253E2E7E4954}.Debug|x64.Build.0 = Debug|Any CPU
		{3AC834D3-F934-430C-9857-253E2E7E4954}.Debug|x86.ActiveCfg = Debug|Any CPU
		{3AC834D3-F934-430C-9857-253E2E7E4954}.Debug|x86.Build.0 = Debug|Any CPU
		{3AC834D3-F934-430C-9857-253E2E7E4954}.Release|Any CPU.ActiveCfg = Release|Any CPU
		{3AC834D3-F934-430C-9857-253E2E7E4954}.Release|Any CPU.Build.0 = Release|Any CPU
		{3AC834D3-F934-430C-9857-253E2E7E4954}.Release|x64.ActiveCfg = Release|Any CPU
		{3AC834D3-F934-430C-9857-253E2E7E4954}.Release|x64.Build.0 = Release|Any CPU
		{3AC834D3-F934-430C-9857-253E2E7E4954}.Release|x86.ActiveCfg = Release|Any CPU
		{3AC834D3-F934-430C-9857-253E2E7E4954}.Release|x86.Build.0 = Release|Any CPU
	EndGlobalSection
	GlobalSection(NestedProjects) = preSolution
		{272059D8-7209-4C85-A28F-309111B626D8} = {8A310A03-9A69-4F65-B1CB-55F29757892F}
		{3AC834D3-F934-430C-9857-253E2E7E4954} = {8A310A03-9A69-4F65-B1CB-55F29757892F}
	EndGlobalSection
EndGlobal
